Microsoft Visual Studio Solution File, Format Version 12.00
# Visual Studio Version 17
VisualStudioVersion = 17.5.2.0
MinimumVisualStudioVersion = 10.0.40219.1
Project("{FAE04EC0-301F-11D3-BF4B-00C04F79EFBC}") = "EduSync.API", "EduSync.API\EduSync.API.csproj", "{51B76B59-19EC-5F01-3E6E-52203A3F3A7B}"
EndProject
Global
	GlobalSection(SolutionConfigurationPlatforms) = preSolution
		Debug|Any CPU = Debug|Any CPU
		Release|Any CPU = Release|Any CPU
	EndGlobalSection
	GlobalSection(ProjectConfigurationPlatforms) = postSolution
		{51B76B59-19EC-5F01-3E6E-52203A3F3A7B}.Debug|Any CPU.ActiveCfg = Debug|Any CPU
		{51B76B59-19EC-5F01-3E6E-52203A3F3A7B}.Debug|Any CPU.Build.0 = Debug|Any CPU
		{51B76B59-19EC-5F01-3E6E-52203A3F3A7B}.Release|Any CPU.ActiveCfg = Release|Any CPU
		{51B76B59-19EC-5F01-3E6E-52203A3F3A7B}.Release|Any CPU.Build.0 = Release|Any CPU
	EndGlobalSection
	GlobalSection(SolutionProperties) = preSolution
		HideSolutionNode = FALSE
	EndGlobalSection
	GlobalSection(ExtensibilityGlobals) = postSolution
		SolutionGuid = {87CCCEE9-8A65-4E46-9F23-FBCBB3C3F376}
	EndGlobalSection
EndGlobal
